// !$*UTF8*$!
{
	archiveVersion = 1;
	classes = {
	};
	objectVersion = 56;
	objects = {

/* Begin PBXBuildFile section */
		89CA11CD2D1465F700851757 /* ClipboardManager.swift in Sources */ = {isa = PBXBuildFile; fileRef = 89CA11CC2D1465F700851757 /* ClipboardManager.swift */; };
		89CA11CF2D14665E00851757 /* AppDelegate.swift in Sources */ = {isa = PBXBuildFile; fileRef = 89CA11CE2D14665E00851757 /* AppDelegate.swift */; };
		89CA11D52D14834500851757 /* BoundedList.swift in Sources */ = {isa = PBXBuildFile; fileRef = 89CA11D42D14834500851757 /* BoundedList.swift */; };
		89CA11D72D14856800851757 /* AppConfig.swift in Sources */ = {isa = PBXBuildFile; fileRef = 89CA11D62D14856800851757 /* AppConfig.swift */; };
		89CA11DA2D1489CE00851757 /* ArrayExtensions.swift in Sources */ = {isa = PBXBuildFile; fileRef = 89CA11D92D1489CE00851757 /* ArrayExtensions.swift */; };
		89F33CBE2D0C2AA70089D543 /* clipboardApp.swift in Sources */ = {isa = PBXBuildFile; fileRef = 89F33CBD2D0C2AA70089D543 /* clipboardApp.swift */; };
		89F33CC02D0C2AA70089D543 /* ContentView.swift in Sources */ = {isa = PBXBuildFile; fileRef = 89F33CBF2D0C2AA70089D543 /* ContentView.swift */; };
		89F33CC22D0C2AA90089D543 /* Assets.xcassets in Resources */ = {isa = PBXBuildFile; fileRef = 89F33CC12D0C2AA90089D543 /* Assets.xcassets */; };
		89F33CC52D0C2AA90089D543 /* Preview Assets.xcassets in Resources */ = {isa = PBXBuildFile; fileRef = 89F33CC42D0C2AA90089D543 /* Preview Assets.xcassets */; };
		89F33CED2D0CB8160089D543 /* StartupLaunch.swift in Sources */ = {isa = PBXBuildFile; fileRef = 89F33CEC2D0CB8160089D543 /* StartupLaunch.swift */; };
/* End PBXBuildFile section */

/* Begin PBXContainerItemProxy section */
		89F33CCC2D0C2AA90089D543 /* PBXContainerItemProxy */ = {
			isa = PBXContainerItemProxy;
			containerPortal = 89F33CB22D0C2AA60089D543 /* Project object */;
			proxyType = 1;
			remoteGlobalIDString = 89F33CB92D0C2AA70089D543;
			remoteInfo = clipboard;
		};
		89F33CD62D0C2AA90089D543 /* PBXContainerItemProxy */ = {
			isa = PBXContainerItemProxy;
			containerPortal = 89F33CB22D0C2AA60089D543 /* Project object */;
			proxyType = 1;
			remoteGlobalIDString = 89F33CB92D0C2AA70089D543;
			remoteInfo = clipboard;
		};
/* End PBXContainerItemProxy section */

/* Begin PBXFileReference section */
		89CA11CC2D1465F700851757 /* ClipboardManager.swift */ = {isa = PBXFileReference; lastKnownFileType = sourcecode.swift; path = ClipboardManager.swift; sourceTree = "<group>"; };
		89CA11CE2D14665E00851757 /* AppDelegate.swift */ = {isa = PBXFileReference; lastKnownFileType = sourcecode.swift; path = AppDelegate.swift; sourceTree = "<group>"; };
		89CA11D42D14834500851757 /* BoundedList.swift */ = {isa = PBXFileReference; lastKnownFileType = sourcecode.swift; path = BoundedList.swift; sourceTree = "<group>"; };
		89CA11D62D14856800851757 /* AppConfig.swift */ = {isa = PBXFileReference; lastKnownFileType = sourcecode.swift; path = AppConfig.swift; sourceTree = "<group>"; };
		89CA11D92D1489CE00851757 /* ArrayExtensions.swift */ = {isa = PBXFileReference; lastKnownFileType = sourcecode.swift; path = ArrayExtensions.swift; sourceTree = "<group>"; };
		89F33CBA2D0C2AA70089D543 /* clipboard.app */ = {isa = PBXFileReference; explicitFileType = wrapper.application; includeInIndex = 0; path = clipboard.app; sourceTree = BUILT_PRODUCTS_DIR; };
		89F33CBD2D0C2AA70089D543 /* clipboardApp.swift */ = {isa = PBXFileReference; lastKnownFileType = sourcecode.swift; path = clipboardApp.swift; sourceTree = "<group>"; };
		89F33CBF2D0C2AA70089D543 /* ContentView.swift */ = {isa = PBXFileReference; lastKnownFileType = sourcecode.swift; path = ContentView.swift; sourceTree = "<group>"; };
		89F33CC12D0C2AA90089D543 /* Assets.xcassets */ = {isa = PBXFileReference; lastKnownFileType = folder.assetcatalog; path = Assets.xcassets; sourceTree = "<group>"; };
		89F33CC42D0C2AA90089D543 /* Preview Assets.xcassets */ = {isa = PBXFileReference; lastKnownFileType = folder.assetcatalog; path = "Preview Assets.xcassets"; sourceTree = "<group>"; };
		89F33CC62D0C2AA90089D543 /* clipboard.entitlements */ = {isa = PBXFileReference; lastKnownFileType = text.plist.entitlements; path = clipboard.entitlements; sourceTree = "<group>"; };
		89F33CCB2D0C2AA90089D543 /* clipboardTests.xctest */ = {isa = PBXFileReference; explicitFileType = wrapper.cfbundle; includeInIndex = 0; path = clipboardTests.xctest; sourceTree = BUILT_PRODUCTS_DIR; };
		89F33CD52D0C2AA90089D543 /* clipboardUITests.xctest */ = {isa = PBXFileReference; explicitFileType = wrapper.cfbundle; includeInIndex = 0; path = clipboardUITests.xctest; sourceTree = BUILT_PRODUCTS_DIR; };
		89F33CEC2D0CB8160089D543 /* StartupLaunch.swift */ = {isa = PBXFileReference; lastKnownFileType = sourcecode.swift; path = StartupLaunch.swift; sourceTree = "<group>"; };
/* End PBXFileReference section */

/* Begin PBXFrameworksBuildPhase section */
		89F33CB72D0C2AA70089D543 /* Frameworks */ = {
			isa = PBXFrameworksBuildPhase;
			buildActionMask = 2147483647;
			files = (
			);
			runOnlyForDeploymentPostprocessing = 0;
		};
		89F33CC82D0C2AA90089D543 /* Frameworks */ = {
			isa = PBXFrameworksBuildPhase;
			buildActionMask = 2147483647;
			files = (
			);
			runOnlyForDeploymentPostprocessing = 0;
		};
		89F33CD22D0C2AA90089D543 /* Frameworks */ = {
			isa = PBXFrameworksBuildPhase;
			buildActionMask = 2147483647;
			files = (
			);
			runOnlyForDeploymentPostprocessing = 0;
		};
/* End PBXFrameworksBuildPhase section */

/* Begin PBXGroup section */
		89CA11D32D14833100851757 /* Utils */ = {
			isa = PBXGroup;
			children = (
				89CA11D42D14834500851757 /* BoundedList.swift */,
			);
			path = Utils;
			sourceTree = "<group>";
		};
		89CA11D82D1489A200851757 /* Extensions */ = {
			isa = PBXGroup;
			children = (
				89CA11D92D1489CE00851757 /* ArrayExtensions.swift */,
			);
			path = Extensions;
			sourceTree = "<group>";
		};
		89F33CB12D0C2AA60089D543 = {
			isa = PBXGroup;
			children = (
				89F33CBC2D0C2AA70089D543 /* clipboard */,
				89F33CBB2D0C2AA70089D543 /* Products */,
			);
			sourceTree = "<group>";
		};
		89F33CBB2D0C2AA70089D543 /* Products */ = {
			isa = PBXGroup;
			children = (
				89F33CBA2D0C2AA70089D543 /* clipboard.app */,
				89F33CCB2D0C2AA90089D543 /* clipboardTests.xctest */,
				89F33CD52D0C2AA90089D543 /* clipboardUITests.xctest */,
			);
			name = Products;
			sourceTree = "<group>";
		};
		89F33CBC2D0C2AA70089D543 /* clipboard */ = {
			isa = PBXGroup;
			children = (
				89CA11D82D1489A200851757 /* Extensions */,
				89CA11D32D14833100851757 /* Utils */,
				89F33CEB2D0CB7AC0089D543 /* View */,
				89F33CBD2D0C2AA70089D543 /* clipboardApp.swift */,
				89F33CC12D0C2AA90089D543 /* Assets.xcassets */,
				89F33CC62D0C2AA90089D543 /* clipboard.entitlements */,
				89F33CEA2D0CB7950089D543 /* Core */,
				89F33CC32D0C2AA90089D543 /* Preview Content */,
				89CA11D62D14856800851757 /* AppConfig.swift */,
			);
			path = clipboard;
			sourceTree = "<group>";
		};
		89F33CC32D0C2AA90089D543 /* Preview Content */ = {
			isa = PBXGroup;
			children = (
				89F33CC42D0C2AA90089D543 /* Preview Assets.xcassets */,
			);
			path = "Preview Content";
			sourceTree = "<group>";
		};
		89F33CEA2D0CB7950089D543 /* Core */ = {
			isa = PBXGroup;
			children = (
				89F33CEC2D0CB8160089D543 /* StartupLaunch.swift */,
				89CA11CC2D1465F700851757 /* ClipboardManager.swift */,
				89CA11CE2D14665E00851757 /* AppDelegate.swift */,
			);
			path = Core;
			sourceTree = "<group>";
		};
		89F33CEB2D0CB7AC0089D543 /* View */ = {
			isa = PBXGroup;
			children = (
				89F33CBF2D0C2AA70089D543 /* ContentView.swift */,
			);
			path = View;
			sourceTree = "<group>";
		};
/* End PBXGroup section */

/* Begin PBXNativeTarget section */
		89F33CB92D0C2AA70089D543 /* clipboard */ = {
			isa = PBXNativeTarget;
			buildConfigurationList = 89F33CDF2D0C2AA90089D543 /* Build configuration list for PBXNativeTarget "clipboard" */;
			buildPhases = (
				89F33CB62D0C2AA70089D543 /* Sources */,
				89F33CB72D0C2AA70089D543 /* Frameworks */,
				89F33CB82D0C2AA70089D543 /* Resources */,
			);
			buildRules = (
			);
			dependencies = (
			);
			name = clipboard;
			productName = clipboard;
			productReference = 89F33CBA2D0C2AA70089D543 /* clipboard.app */;
			productType = "com.apple.product-type.application";
		};
		89F33CCA2D0C2AA90089D543 /* clipboardTests */ = {
			isa = PBXNativeTarget;
			buildConfigurationList = 89F33CE22D0C2AA90089D543 /* Build configuration list for PBXNativeTarget "clipboardTests" */;
			buildPhases = (
				89F33CC72D0C2AA90089D543 /* Sources */,
				89F33CC82D0C2AA90089D543 /* Frameworks */,
				89F33CC92D0C2AA90089D543 /* Resources */,
			);
			buildRules = (
			);
			dependencies = (
				89F33CCD2D0C2AA90089D543 /* PBXTargetDependency */,
			);
			name = clipboardTests;
			productName = clipboardTests;
			productReference = 89F33CCB2D0C2AA90089D543 /* clipboardTests.xctest */;
			productType = "com.apple.product-type.bundle.unit-test";
		};
		89F33CD42D0C2AA90089D543 /* clipboardUITests */ = {
			isa = PBXNativeTarget;
			buildConfigurationList = 89F33CE52D0C2AA90089D543 /* Build configuration list for PBXNativeTarget "clipboardUITests" */;
			buildPhases = (
				89F33CD12D0C2AA90089D543 /* Sources */,
				89F33CD22D0C2AA90089D543 /* Frameworks */,
				89F33CD32D0C2AA90089D543 /* Resources */,
			);
			buildRules = (
			);
			dependencies = (
				89F33CD72D0C2AA90089D543 /* PBXTargetDependency */,
			);
			name = clipboardUITests;
			productName = clipboardUITests;
			productReference = 89F33CD52D0C2AA90089D543 /* clipboardUITests.xctest */;
			productType = "com.apple.product-type.bundle.ui-testing";
		};
/* End PBXNativeTarget section */

/* Begin PBXProject section */
		89F33CB22D0C2AA60089D543 /* Project object */ = {
			isa = PBXProject;
			attributes = {
				BuildIndependentTargetsInParallel = 1;
				LastSwiftUpdateCheck = 1500;
				LastUpgradeCheck = 1500;
				TargetAttributes = {
					89F33CB92D0C2AA70089D543 = {
						CreatedOnToolsVersion = 15.0;
					};
					89F33CCA2D0C2AA90089D543 = {
						CreatedOnToolsVersion = 15.0;
						TestTargetID = 89F33CB92D0C2AA70089D543;
					};
					89F33CD42D0C2AA90089D543 = {
						CreatedOnToolsVersion = 15.0;
						TestTargetID = 89F33CB92D0C2AA70089D543;
					};
				};
			};
			buildConfigurationList = 89F33CB52D0C2AA70089D543 /* Build configuration list for PBXProject "clipboard" */;
			compatibilityVersion = "Xcode 14.0";
			developmentRegion = en;
			hasScannedForEncodings = 0;
			knownRegions = (
				en,
				Base,
			);
			mainGroup = 89F33CB12D0C2AA60089D543;
			productRefGroup = 89F33CBB2D0C2AA70089D543 /* Products */;
			projectDirPath = "";
			projectRoot = "";
			targets = (
				89F33CB92D0C2AA70089D543 /* clipboard */,
				89F33CCA2D0C2AA90089D543 /* clipboardTests */,
				89F33CD42D0C2AA90089D543 /* clipboardUITests */,
			);
		};
/* End PBXProject section */

/* Begin PBXResourcesBuildPhase section */
		89F33CB82D0C2AA70089D543 /* Resources */ = {
			isa = PBXResourcesBuildPhase;
			buildActionMask = 2147483647;
			files = (
				89F33CC52D0C2AA90089D543 /* Preview Assets.xcassets in Resources */,
				89F33CC22D0C2AA90089D543 /* Assets.xcassets in Resources */,
			);
			runOnlyForDeploymentPostprocessing = 0;
		};
		89F33CC92D0C2AA90089D543 /* Resources */ = {
			isa = PBXResourcesBuildPhase;
			buildActionMask = 2147483647;
			files = (
			);
			runOnlyForDeploymentPostprocessing = 0;
		};
		89F33CD32D0C2AA90089D543 /* Resources */ = {
			isa = PBXResourcesBuildPhase;
			buildActionMask = 2147483647;
			files = (
			);
			runOnlyForDeploymentPostprocessing = 0;
		};
/* End PBXResourcesBuildPhase section */

/* Begin PBXSourcesBuildPhase section */
		89F33CB62D0C2AA70089D543 /* Sources */ = {
			isa = PBXSourcesBuildPhase;
			buildActionMask = 2147483647;
			files = (
				89CA11CD2D1465F700851757 /* ClipboardManager.swift in Sources */,
				89CA11D72D14856800851757 /* AppConfig.swift in Sources */,
				89F33CED2D0CB8160089D543 /* StartupLaunch.swift in Sources */,
				89F33CC02D0C2AA70089D543 /* ContentView.swift in Sources */,
				89CA11CF2D14665E00851757 /* AppDelegate.swift in Sources */,
				89F33CBE2D0C2AA70089D543 /* clipboardApp.swift in Sources */,
				89CA11DA2D1489CE00851757 /* ArrayExtensions.swift in Sources */,
				89CA11D52D14834500851757 /* BoundedList.swift in Sources */,
			);
			runOnlyForDeploymentPostprocessing = 0;
		};
		89F33CC72D0C2AA90089D543 /* Sources */ = {
			isa = PBXSourcesBuildPhase;
			buildActionMask = 2147483647;
			files = (
			);
			runOnlyForDeploymentPostprocessing = 0;
		};
		89F33CD12D0C2AA90089D543 /* Sources */ = {
			isa = PBXSourcesBuildPhase;
			buildActionMask = 2147483647;
			files = (
			);
			runOnlyForDeploymentPostprocessing = 0;
		};
/* End PBXSourcesBuildPhase section */

/* Begin PBXTargetDependency section */
		89F33CCD2D0C2AA90089D543 /* PBXTargetDependency */ = {
			isa = PBXTargetDependency;
			target = 89F33CB92D0C2AA70089D543 /* clipboard */;
			targetProxy = 89F33CCC2D0C2AA90089D543 /* PBXContainerItemProxy */;
		};
		89F33CD72D0C2AA90089D543 /* PBXTargetDependency */ = {
			isa = PBXTargetDependency;
			target = 89F33CB92D0C2AA70089D543 /* clipboard */;
			targetProxy = 89F33CD62D0C2AA90089D543 /* PBXContainerItemProxy */;
		};
/* End PBXTargetDependency section */

/* Begin XCBuildConfiguration section */
		89F33CDD2D0C2AA90089D543 /* Debug */ = {
			isa = XCBuildConfiguration;
			buildSettings = {
				ALWAYS_SEARCH_USER_PATHS = NO;
				ASSETCATALOG_COMPILER_GENERATE_SWIFT_ASSET_SYMBOL_EXTENSIONS = YES;
				CLANG_ANALYZER_NONNULL = YES;
				CLANG_ANALYZER_NUMBER_OBJECT_CONVERSION = YES_AGGRESSIVE;
				CLANG_CXX_LANGUAGE_STANDARD = "gnu++20";
				CLANG_ENABLE_MODULES = YES;
				CLANG_ENABLE_OBJC_ARC = YES;
				CLANG_ENABLE_OBJC_WEAK = YES;
				CLANG_WARN_BLOCK_CAPTURE_AUTORELEASING = YES;
				CLANG_WARN_BOOL_CONVERSION = YES;
				CLANG_WARN_COMMA = YES;
				CLANG_WARN_CONSTANT_CONVERSION = YES;
				CLANG_WARN_DEPRECATED_OBJC_IMPLEMENTATIONS = YES;
				CLANG_WARN_DIRECT_OBJC_ISA_USAGE = YES_ERROR;
				CLANG_WARN_DOCUMENTATION_COMMENTS = YES;
				CLANG_WARN_EMPTY_BODY = YES;
				CLANG_WARN_ENUM_CONVERSION = YES;
				CLANG_WARN_INFINITE_RECURSION = YES;
				CLANG_WARN_INT_CONVERSION = YES;
				CLANG_WARN_NON_LITERAL_NULL_CONVERSION = YES;
				CLANG_WARN_OBJC_IMPLICIT_RETAIN_SELF = YES;
				CLANG_WARN_OBJC_LITERAL_CONVERSION = YES;
				CLANG_WARN_OBJC_ROOT_CLASS = YES_ERROR;
				CLANG_WARN_QUOTED_INCLUDE_IN_FRAMEWORK_HEADER = YES;
				CLANG_WARN_RANGE_LOOP_ANALYSIS = YES;
				CLANG_WARN_STRICT_PROTOTYPES = YES;
				CLANG_WARN_SUSPICIOUS_MOVE = YES;
				CLANG_WARN_UNGUARDED_AVAILABILITY = YES_AGGRESSIVE;
				CLANG_WARN_UNREACHABLE_CODE = YES;
				CLANG_WARN__DUPLICATE_METHOD_MATCH = YES;
				COPY_PHASE_STRIP = NO;
				DEBUG_INFORMATION_FORMAT = dwarf;
				ENABLE_STRICT_OBJC_MSGSEND = YES;
				ENABLE_TESTABILITY = YES;
				ENABLE_USER_SCRIPT_SANDBOXING = YES;
				GCC_C_LANGUAGE_STANDARD = gnu17;
				GCC_DYNAMIC_NO_PIC = NO;
				GCC_NO_COMMON_BLOCKS = YES;
				GCC_OPTIMIZATION_LEVEL = 0;
				GCC_PREPROCESSOR_DEFINITIONS = (
					"DEBUG=1",
					"$(inherited)",
				);
				GCC_WARN_64_TO_32_BIT_CONVERSION = YES;
				GCC_WARN_ABOUT_RETURN_TYPE = YES_ERROR;
				GCC_WARN_UNDECLARED_SELECTOR = YES;
				GCC_WARN_UNINITIALIZED_AUTOS = YES_AGGRESSIVE;
				GCC_WARN_UNUSED_FUNCTION = YES;
				GCC_WARN_UNUSED_VARIABLE = YES;
				LOCALIZATION_PREFERS_STRING_CATALOGS = YES;
				MACOSX_DEPLOYMENT_TARGET = 14.0;
				MTL_ENABLE_DEBUG_INFO = INCLUDE_SOURCE;
				MTL_FAST_MATH = YES;
				ONLY_ACTIVE_ARCH = YES;
				SDKROOT = macosx;
				SWIFT_ACTIVE_COMPILATION_CONDITIONS = "DEBUG $(inherited)";
				SWIFT_OPTIMIZATION_LEVEL = "-Onone";
			};
			name = Debug;
		};
		89F33CDE2D0C2AA90089D543 /* Release */ = {
			isa = XCBuildConfiguration;
			buildSettings = {
				ALWAYS_SEARCH_USER_PATHS = NO;
				ASSETCATALOG_COMPILER_GENERATE_SWIFT_ASSET_SYMBOL_EXTENSIONS = YES;
				CLANG_ANALYZER_NONNULL = YES;
				CLANG_ANALYZER_NUMBER_OBJECT_CONVERSION = YES_AGGRESSIVE;
				CLANG_CXX_LANGUAGE_STANDARD = "gnu++20";
				CLANG_ENABLE_MODULES = YES;
				CLANG_ENABLE_OBJC_ARC = YES;
				CLANG_ENABLE_OBJC_WEAK = YES;
				CLANG_WARN_BLOCK_CAPTURE_AUTORELEASING = YES;
				CLANG_WARN_BOOL_CONVERSION = YES;
				CLANG_WARN_COMMA = YES;
				CLANG_WARN_CONSTANT_CONVERSION = YES;
				CLANG_WARN_DEPRECATED_OBJC_IMPLEMENTATIONS = YES;
				CLANG_WARN_DIRECT_OBJC_ISA_USAGE = YES_ERROR;
				CLANG_WARN_DOCUMENTATION_COMMENTS = YES;
				CLANG_WARN_EMPTY_BODY = YES;
				CLANG_WARN_ENUM_CONVERSION = YES;
				CLANG_WARN_INFINITE_RECURSION = YES;
				CLANG_WARN_INT_CONVERSION = YES;
				CLANG_WARN_NON_LITERAL_NULL_CONVERSION = YES;
				CLANG_WARN_OBJC_IMPLICIT_RETAIN_SELF = YES;
				CLANG_WARN_OBJC_LITERAL_CONVERSION = YES;
				CLANG_WARN_OBJC_ROOT_CLASS = YES_ERROR;
				CLANG_WARN_QUOTED_INCLUDE_IN_FRAMEWORK_HEADER = YES;
				CLANG_WARN_RANGE_LOOP_ANALYSIS = YES;
				CLANG_WARN_STRICT_PROTOTYPES = YES;
				CLANG_WARN_SUSPICIOUS_MOVE = YES;
				CLANG_WARN_UNGUARDED_AVAILABILITY = YES_AGGRESSIVE;
				CLANG_WARN_UNREACHABLE_CODE = YES;
				CLANG_WARN__DUPLICATE_METHOD_MATCH = YES;
				COPY_PHASE_STRIP = NO;
				DEBUG_INFORMATION_FORMAT = "dwarf-with-dsym";
				ENABLE_NS_ASSERTIONS = NO;
				ENABLE_STRICT_OBJC_MSGSEND = YES;
				ENABLE_USER_SCRIPT_SANDBOXING = YES;
				GCC_C_LANGUAGE_STANDARD = gnu17;
				GCC_NO_COMMON_BLOCKS = YES;
				GCC_WARN_64_TO_32_BIT_CONVERSION = YES;
				GCC_WARN_ABOUT_RETURN_TYPE = YES_ERROR;
				GCC_WARN_UNDECLARED_SELECTOR = YES;
				GCC_WARN_UNINITIALIZED_AUTOS = YES_AGGRESSIVE;
				GCC_WARN_UNUSED_FUNCTION = YES;
				GCC_WARN_UNUSED_VARIABLE = YES;
				LOCALIZATION_PREFERS_STRING_CATALOGS = YES;
				MACOSX_DEPLOYMENT_TARGET = 14.0;
				MTL_ENABLE_DEBUG_INFO = NO;
				MTL_FAST_MATH = YES;
				SDKROOT = macosx;
				SWIFT_COMPILATION_MODE = wholemodule;
			};
			name = Release;
		};
		89F33CE02D0C2AA90089D543 /* Debug */ = {
			isa = XCBuildConfiguration;
			buildSettings = {
				ASSETCATALOG_COMPILER_APPICON_NAME = AppIcon;
				ASSETCATALOG_COMPILER_GLOBAL_ACCENT_COLOR_NAME = AccentColor;
				CODE_SIGN_ENTITLEMENTS = clipboard/clipboard.entitlements;
				CODE_SIGN_STYLE = Automatic;
				COMBINE_HIDPI_IMAGES = YES;
				CURRENT_PROJECT_VERSION = 1;
				DEVELOPMENT_ASSET_PATHS = "\"clipboard/Preview Content\"";
				ENABLE_PREVIEWS = YES;
				GENERATE_INFOPLIST_FILE = YES;
				INFOPLIST_KEY_LSUIElement = YES;
				INFOPLIST_KEY_NSHumanReadableCopyright = "";
				LD_RUNPATH_SEARCH_PATHS = (
					"$(inherited)",
					"@executable_path/../Frameworks",
				);
				MARKETING_VERSION = 1.0;
				PRODUCT_BUNDLE_IDENTIFIER = jopauljoy.clipboard;
				PRODUCT_NAME = "$(TARGET_NAME)";
				SWIFT_EMIT_LOC_STRINGS = YES;
				SWIFT_VERSION = 5.0;
			};
			name = Debug;
		};
		89F33CE12D0C2AA90089D543 /* Release */ = {
			isa = XCBuildConfiguration;
			buildSettings = {
				ASSETCATALOG_COMPILER_APPICON_NAME = AppIcon;
				ASSETCATALOG_COMPILER_GLOBAL_ACCENT_COLOR_NAME = AccentColor;
				CODE_SIGN_ENTITLEMENTS = clipboard/clipboard.entitlements;
				CODE_SIGN_STYLE = Automatic;
				COMBINE_HIDPI_IMAGES = YES;
				CURRENT_PROJECT_VERSION = 1;
				DEVELOPMENT_ASSET_PATHS = "\"clipboard/Preview Content\"";
				ENABLE_PREVIEWS = YES;
				GENERATE_INFOPLIST_FILE = YES;
				INFOPLIST_KEY_LSUIElement = YES;
				INFOPLIST_KEY_NSHumanReadableCopyright = "";
				LD_RUNPATH_SEARCH_PATHS = (
					"$(inherited)",
					"@executable_path/../Frameworks",
				);
				MARKETING_VERSION = 1.0;
				PRODUCT_BUNDLE_IDENTIFIER = jopauljoy.clipboard;
				PRODUCT_NAME = "$(TARGET_NAME)";
				SWIFT_EMIT_LOC_STRINGS = YES;
				SWIFT_VERSION = 5.0;
			};
			name = Release;
		};
		89F33CE32D0C2AA90089D543 /* Debug */ = {
			isa = XCBuildConfiguration;
			buildSettings = {
				ALWAYS_EMBED_SWIFT_STANDARD_LIBRARIES = YES;
				BUNDLE_LOADER = "$(TEST_HOST)";
				CODE_SIGN_STYLE = Automatic;
				CURRENT_PROJECT_VERSION = 1;
				GENERATE_INFOPLIST_FILE = YES;
				MACOSX_DEPLOYMENT_TARGET = 14.0;
				MARKETING_VERSION = 1.0;
				PRODUCT_BUNDLE_IDENTIFIER = jopauljoy.clipboardTests;
				PRODUCT_NAME = "$(TARGET_NAME)";
				SWIFT_EMIT_LOC_STRINGS = NO;
				SWIFT_VERSION = 5.0;
				TEST_HOST = "$(BUILT_PRODUCTS_DIR)/clipboard.app/$(BUNDLE_EXECUTABLE_FOLDER_PATH)/clipboard";
			};
			name = Debug;
		};
		89F33CE42D0C2AA90089D543 /* Release */ = {
			isa = XCBuildConfiguration;
			buildSettings = {
				ALWAYS_EMBED_SWIFT_STANDARD_LIBRARIES = YES;
				BUNDLE_LOADER = "$(TEST_HOST)";
				CODE_SIGN_STYLE = Automatic;
				CURRENT_PROJECT_VERSION = 1;
				GENERATE_INFOPLIST_FILE = YES;
				MACOSX_DEPLOYMENT_TARGET = 14.0;
				MARKETING_VERSION = 1.0;
				PRODUCT_BUNDLE_IDENTIFIER = jopauljoy.clipboardTests;
				PRODUCT_NAME = "$(TARGET_NAME)";
				SWIFT_EMIT_LOC_STRINGS = NO;
				SWIFT_VERSION = 5.0;
				TEST_HOST = "$(BUILT_PRODUCTS_DIR)/clipboard.app/$(BUNDLE_EXECUTABLE_FOLDER_PATH)/clipboard";
			};
			name = Release;
		};
		89F33CE62D0C2AA90089D543 /* Debug */ = {
			isa = XCBuildConfiguration;
			buildSettings = {
				ALWAYS_EMBED_SWIFT_STANDARD_LIBRARIES = YES;
				CODE_SIGN_STYLE = Automatic;
				CURRENT_PROJECT_VERSION = 1;
				GENERATE_INFOPLIST_FILE = YES;
				MARKETING_VERSION = 1.0;
				PRODUCT_BUNDLE_IDENTIFIER = jopauljoy.clipboardUITests;
				PRODUCT_NAME = "$(TARGET_NAME)";
				SWIFT_EMIT_LOC_STRINGS = NO;
				SWIFT_VERSION = 5.0;
				TEST_TARGET_NAME = clipboard;
			};
			name = Debug;
		};
		89F33CE72D0C2AA90089D543 /* Release */ = {
			isa = XCBuildConfiguration;
			buildSettings = {
				ALWAYS_EMBED_SWIFT_STANDARD_LIBRARIES = YES;
				CODE_SIGN_STYLE = Automatic;
				CURRENT_PROJECT_VERSION = 1;
				GENERATE_INFOPLIST_FILE = YES;
				MARKETING_VERSION = 1.0;
				PRODUCT_BUNDLE_IDENTIFIER = jopauljoy.clipboardUITests;
				PRODUCT_NAME = "$(TARGET_NAME)";
				SWIFT_EMIT_LOC_STRINGS = NO;
				SWIFT_VERSION = 5.0;
				TEST_TARGET_NAME = clipboard;
			};
			name = Release;
		};
/* End XCBuildConfiguration section */

/* Begin XCConfigurationList section */
		89F33CB52D0C2AA70089D543 /* Build configuration list for PBXProject "clipboard" */ = {
			isa = XCConfigurationList;
			buildConfigurations = (
				89F33CDD2D0C2AA90089D543 /* Debug */,
				89F33CDE2D0C2AA90089D543 /* Release */,
			);
			defaultConfigurationIsVisible = 0;
			defaultConfigurationName = Release;
		};
		89F33CDF2D0C2AA90089D543 /* Build configuration list for PBXNativeTarget "clipboard" */ = {
			isa = XCConfigurationList;
			buildConfigurations = (
				89F33CE02D0C2AA90089D543 /* Debug */,
				89F33CE12D0C2AA90089D543 /* Release */,
			);
			defaultConfigurationIsVisible = 0;
			defaultConfigurationName = Release;
		};
		89F33CE22D0C2AA90089D543 /* Build configuration list for PBXNativeTarget "clipboardTests" */ = {
			isa = XCConfigurationList;
			buildConfigurations = (
				89F33CE32D0C2AA90089D543 /* Debug */,
				89F33CE42D0C2AA90089D543 /* Release */,
			);
			defaultConfigurationIsVisible = 0;
			defaultConfigurationName = Release;
		};
		89F33CE52D0C2AA90089D543 /* Build configuration list for PBXNativeTarget "clipboardUITests" */ = {
			isa = XCConfigurationList;
			buildConfigurations = (
				89F33CE62D0C2AA90089D543 /* Debug */,
				89F33CE72D0C2AA90089D543 /* Release */,
			);
			defaultConfigurationIsVisible = 0;
			defaultConfigurationName = Release;
		};
/* End XCConfigurationList section */
	};
	rootObject = 89F33CB22D0C2AA60089D543 /* Project object */;
}
